{
  "name": "vue-flux-docs",
  "version": "0.0.1",
  "lockfileVersion": 1,
  "requires": true,
  "dependencies": {
    "core-js": {
      "version": "2.6.9",
      "resolved": "https://registry.npmjs.org/core-js/-/core-js-2.6.9.tgz",
      "integrity": "sha512-HOpZf6eXmnl7la+cUdMnLvUxKNqLUzJvgIziQ0DiF3JwSImNphIqdGqzj6hIKyX04MmV0poclQ7+wjWvxQyR2A==",
      "dev": true
    },
    "vue": {
      "version": "2.6.10",
      "resolved": "https://registry.npmjs.org/vue/-/vue-2.6.10.tgz",
      "integrity": "sha512-ImThpeNU9HbdZL3utgMCq0oiMzAkt1mcgy3/E6zWC/G6AaQoeuFdsl9nDhTDU3X1R6FK7nsIUuRACVcjI+A2GQ==",
      "dev": true
    },
    "vue-flux": {
      "version": "6.0.0-beta.3",
      "resolved": "https://registry.npmjs.org/vue-flux/-/vue-flux-6.0.0-beta.3.tgz",
      "integrity": "sha512-oh2uZEyFdDGxoO9p9Tsjms20/GjpvdYfk0VwyDzCiIJgjUCB48xiPeDS3LoLIis6wkWlyTmLuuSzqB5+gOC7Tg==",
      "dev": true,
      "requires": {
        "core-js": "^2.6.8",
        "vue": "^2.6.10"
      }
    }
  }
}
